
Microsoft Visual Studio Solution File, Format Version 12.00
# Visual Studio Version 16
VisualStudioVersion = 16.0.30011.22
MinimumVisualStudioVersion = 10.0.40219.1
Project("{FAE04EC0-301F-11D3-BF4B-00C04F79EFBC}") = "lab6", "lab6\lab6.csproj", "{7C3D279C-A3D2-41A1-B3CB-BD3A0A80B265}"
EndProject
Project("{FAE04EC0-301F-11D3-BF4B-00C04F79EFBC}") = "UnitTestProject2", "UnitTestProject2\UnitTestProject2.csproj", "{D6CEB5A7-0607-45F2-A116-CDDAFE5C9420}"
EndProject
Project("{FAE04EC0-301F-11D3-BF4B-00C04F79EFBC}") = "CalculationWPF", "CalculationWPF\CalculationWPF.csproj", "{D6607303-01A6-4C9A-81A9-63F6F24B0A28}"
EndProject
Global
	GlobalSection(SolutionConfigurationPlatforms) = preSolution
		Debug|Any CPU = Debug|Any CPU
		Release|Any CPU = Release|Any CPU
	EndGlobalSection
	GlobalSection(ProjectConfigurationPlatforms) = postSolution
		{7C3D279C-A3D2-41A1-B3CB-BD3A0A80B265}.Debug|Any CPU.ActiveCfg = Debug|Any CPU
		{7C3D279C-A3D2-41A1-B3CB-BD3A0A80B265}.Debug|Any CPU.Build.0 = Debug|Any CPU
		{7C3D279C-A3D2-41A1-B3CB-BD3A0A80B265}.Release|Any CPU.ActiveCfg = Release|Any CPU
		{7C3D279C-A3D2-41A1-B3CB-BD3A0A80B265}.Release|Any CPU.Build.0 = Release|Any CPU
		{D6CEB5A7-0607-45F2-A116-CDDAFE5C9420}.Debug|Any CPU.ActiveCfg = Debug|Any CPU
		{D6CEB5A7-0607-45F2-A116-CDDAFE5C9420}.Debug|Any CPU.Build.0 = Debug|Any CPU
		{D6CEB5A7-0607-45F2-A116-CDDAFE5C9420}.Release|Any CPU.ActiveCfg = Release|Any CPU
		{D6CEB5A7-0607-45F2-A116-CDDAFE5C9420}.Release|Any CPU.Build.0 = Release|Any CPU
		{D6607303-01A6-4C9A-81A9-63F6F24B0A28}.Debug|Any CPU.ActiveCfg = Debug|Any CPU
		{D6607303-01A6-4C9A-81A9-63F6F24B0A28}.Debug|Any CPU.Build.0 = Debug|Any CPU
		{D6607303-01A6-4C9A-81A9-63F6F24B0A28}.Release|Any CPU.ActiveCfg = Release|Any CPU
		{D6607303-01A6-4C9A-81A9-63F6F24B0A28}.Release|Any CPU.Build.0 = Release|Any CPU
	EndGlobalSection
	GlobalSection(SolutionProperties) = preSolution
		HideSolutionNode = FALSE
	EndGlobalSection
	GlobalSection(ExtensibilityGlobals) = postSolution
		SolutionGuid = {20AE75C7-AFC9-49B8-8815-9F5CBFE1A3EE}
	EndGlobalSection
EndGlobal
